{
  "nodes": {
    "nixpkgs": {
      "locked": {
        "lastModified": 1697070420,
        "narHash": "sha256-WO3fu860jY7r7KzifkntOLyd6vE8Cmme3ox2824jENQ=",
        "owner": "nixos",
        "repo": "nixpkgs",
        "rev": "052489e6175d81633df034210a73ec0fc5e33c98",
        "type": "github"
      },
      "original": {
        "owner": "nixos",
        "repo": "nixpkgs",
        "type": "github"
      }
    },
    "root": {
      "inputs": {
        "nixpkgs": "nixpkgs"
      }
    }
  },
  "root": "root",
  "version": 7
}
